# This file is autogenerated, do not edit; changes may be undone by the next 'dep ensure'.


[[projects]]
  branch = "master"
  name = "github.com/yale-cpsc-213/hwutils"
  packages = ["random"]
  revision = "567f9b0c75e61569866b3f2f5ceb4a66e56de834"

[[projects]]
  branch = "master"
  name = "golang.org/x/net"
  packages = [
    "html",
    "html/atom"
  ]
  revision = "8a410e7b638dca158bf9e766925842f6651ff828"

[solve-meta]
  analyzer-name = "dep"
  analyzer-version = 1
  inputs-digest = "f070366e6f440844e9babb0ee44e1c67474165bfcfa0fc410e81c5bab5a25011"
  solver-name = "gps-cdcl"
  solver-version = 1
